{
  "requires": true,
  "lockfileVersion": 1,
  "dependencies": {
    "base64url": {
      "version": "2.0.0",
      "resolved": "https://registry.npmjs.org/base64url/-/base64url-2.0.0.tgz",
      "integrity": "sha1-6sFuA+oUOO/5Qj1puqNiYu0fcLs="
    },
    "es6-promise": {
      "version": "4.1.1",
      "resolved": "https://registry.npmjs.org/es6-promise/-/es6-promise-4.1.1.tgz",
      "integrity": "sha512-OaU1hHjgJf+b0NzsxCg7NdIYERD6Hy/PEmFLTjw+b65scuisG3Kt4QoTvJ66BBkPZ581gr0kpoVzKnxniM8nng=="
    },
    "lodash.assign": {
      "version": "4.2.0",
      "resolved": "https://registry.npmjs.org/lodash.assign/-/lodash.assign-4.2.0.tgz",
      "integrity": "sha1-DZnzzNem0mHRm9rrkkUAXShYCOc="
    },
    "lodash.clone": {
      "version": "4.5.0",
      "resolved": "https://registry.npmjs.org/lodash.clone/-/lodash.clone-4.5.0.tgz",
      "integrity": "sha1-GVhwRQ9aExkkeN9Lw9I9LeoZB7Y="
    },
    "lodash.fill": {
      "version": "3.4.0",
      "resolved": "https://registry.npmjs.org/lodash.fill/-/lodash.fill-3.4.0.tgz",
      "integrity": "sha1-o8dK5kDQU63w3CB5+HIHiOi/74U="
    },
    "lodash.flatten": {
      "version": "4.4.0",
      "resolved": "https://registry.npmjs.org/lodash.flatten/-/lodash.flatten-4.4.0.tgz",
      "integrity": "sha1-8xwiIlqWMtK7+OSt2+8kCqdlph8="
    },
    "lodash.intersection": {
      "version": "4.4.0",
      "resolved": "https://registry.npmjs.org/lodash.intersection/-/lodash.intersection-4.4.0.tgz",
      "integrity": "sha1-ChG6Yx0OlcI8fy9Mu5ppLtF45wU="
    },
    "lodash.merge": {
      "version": "4.6.0",
      "resolved": "https://registry.npmjs.org/lodash.merge/-/lodash.merge-4.6.0.tgz",
      "integrity": "sha1-aYhLoUSsM/5plzemCG3v+t0PicU="
    },
    "lodash.omit": {
      "version": "4.5.0",
      "resolved": "https://registry.npmjs.org/lodash.omit/-/lodash.omit-4.5.0.tgz",
      "integrity": "sha1-brGa5aHuHdnfC5aeZs4Lf6MLXmA="
    },
    "lodash.partialright": {
      "version": "4.2.1",
      "resolved": "https://registry.npmjs.org/lodash.partialright/-/lodash.partialright-4.2.1.tgz",
      "integrity": "sha1-ATDYDoM2MmTUAHTzKbij56ihzEs="
    },
    "lodash.pick": {
      "version": "4.4.0",
      "resolved": "https://registry.npmjs.org/lodash.pick/-/lodash.pick-4.4.0.tgz",
      "integrity": "sha1-UvBWEP/53tQiYRRB7R/BI6AwAbM="
    },
    "lodash.uniq": {
      "version": "4.5.0",
      "resolved": "https://registry.npmjs.org/lodash.uniq/-/lodash.uniq-4.5.0.tgz",
      "integrity": "sha1-0CJTc662Uq3BvILklFM5qEJ1R3M="
    },
    "long": {
      "version": "3.2.0",
      "resolved": "https://registry.npmjs.org/long/-/long-3.2.0.tgz",
      "integrity": "sha1-2CG3E4yhy1gcFymQ7xTbIAtcR0s="
    },
    "node-forge": {
      "version": "0.7.1",
      "resolved": "https://registry.npmjs.org/node-forge/-/node-forge-0.7.1.tgz",
      "integrity": "sha1-naYR6giYL0uUIGs760zJZl8gwwA="
    },
    "node-jose": {
      "version": "0.10.0",
      "resolved": "https://registry.npmjs.org/node-jose/-/node-jose-0.10.0.tgz",
      "integrity": "sha512-UWPGprennq5eBs81uqILfwRhEM/rm7X8MBiG3oaUGyjeWc5cfaWHN2ipagLtBwQHRkc9oIfOaDOpw4jifj1o5w==",
      "requires": {
        "base64url": "2.0.0",
        "es6-promise": "4.1.1",
        "lodash.assign": "4.2.0",
        "lodash.clone": "4.5.0",
        "lodash.fill": "3.4.0",
        "lodash.flatten": "4.4.0",
        "lodash.intersection": "4.4.0",
        "lodash.merge": "4.6.0",
        "lodash.omit": "4.5.0",
        "lodash.partialright": "4.2.1",
        "lodash.pick": "4.4.0",
        "lodash.uniq": "4.5.0",
        "long": "3.2.0",
        "node-forge": "0.7.1",
        "uuid": "3.1.0"
      }
    },
    "uuid": {
      "version": "3.1.0",
      "resolved": "https://registry.npmjs.org/uuid/-/uuid-3.1.0.tgz",
      "integrity": "sha512-DIWtzUkw04M4k3bf1IcpS2tngXEL26YUD2M0tMDUpnUrz2hgzUBlD55a4FjdLGPvfHxS6uluGWvaVEqgBcVa+g=="
    }
  }
}
